
Microsoft Visual Studio Solution File, Format Version 12.00
# Visual Studio 15
VisualStudioVersion = 15.0.26403.7
MinimumVisualStudioVersion = 10.0.40219.1
Project("{FAE04EC0-301F-11D3-BF4B-00C04F79EFBC}") = "UnitTestTargetProject", "UnitTestTargetProject\UnitTestTargetProject.csproj", "{7D76BF3A-0BD2-446B-980F-79E41F80486D}"
EndProject
Project("{FAE04EC0-301F-11D3-BF4B-00C04F79EFBC}") = "MyUnitTests", "MyUnitTests\MyUnitTests.csproj", "{81BE4757-282A-47AA-B2C6-B203E327E967}"
EndProject
Global
	GlobalSection(SolutionConfigurationPlatforms) = preSolution
		Debug|Any CPU = Debug|Any CPU
		Release|Any CPU = Release|Any CPU
	EndGlobalSection
	GlobalSection(ProjectConfigurationPlatforms) = postSolution
		{7D76BF3A-0BD2-446B-980F-79E41F80486D}.Debug|Any CPU.ActiveCfg = Debug|Any CPU
		{7D76BF3A-0BD2-446B-980F-79E41F80486D}.Debug|Any CPU.Build.0 = Debug|Any CPU
		{7D76BF3A-0BD2-446B-980F-79E41F80486D}.Release|Any CPU.ActiveCfg = Release|Any CPU
		{7D76BF3A-0BD2-446B-980F-79E41F80486D}.Release|Any CPU.Build.0 = Release|Any CPU
		{81BE4757-282A-47AA-B2C6-B203E327E967}.Debug|Any CPU.ActiveCfg = Debug|Any CPU
		{81BE4757-282A-47AA-B2C6-B203E327E967}.Debug|Any CPU.Build.0 = Debug|Any CPU
		{81BE4757-282A-47AA-B2C6-B203E327E967}.Release|Any CPU.ActiveCfg = Release|Any CPU
		{81BE4757-282A-47AA-B2C6-B203E327E967}.Release|Any CPU.Build.0 = Release|Any CPU
	EndGlobalSection
	GlobalSection(SolutionProperties) = preSolution
		HideSolutionNode = FALSE
	EndGlobalSection
EndGlobal
