
Microsoft Visual Studio Solution File, Format Version 12.00
# Visual Studio 2013
VisualStudioVersion = 12.0.31101.0
MinimumVisualStudioVersion = 10.0.40219.1
Project("{FAE04EC0-301F-11D3-BF4B-00C04F79EFBC}") = "MyUnitTests", "MyUnitTests\MyUnitTests.csproj", "{C96E6E0B-F789-4EEA-916D-6296164A0507}"
EndProject
Project("{FAE04EC0-301F-11D3-BF4B-00C04F79EFBC}") = "UnitTestTargetProject", "UnitTestTargetProject\UnitTestTargetProject.csproj", "{0232DEEE-0DD3-484B-9075-AFA40779981E}"
EndProject
Project("{2150E333-8FDC-42A3-9474-1A3956D46DE8}") = ".nuget", ".nuget", "{2BACFF44-39E4-4C3E-93E8-E1CCBEB1C9B1}"
	ProjectSection(SolutionItems) = preProject
		.nuget\packages.config = .nuget\packages.config
	EndProjectSection
EndProject
Global
	GlobalSection(SolutionConfigurationPlatforms) = preSolution
		Debug|Any CPU = Debug|Any CPU
		Release|Any CPU = Release|Any CPU
	EndGlobalSection
	GlobalSection(ProjectConfigurationPlatforms) = postSolution
		{C96E6E0B-F789-4EEA-916D-6296164A0507}.Debug|Any CPU.ActiveCfg = Debug|Any CPU
		{C96E6E0B-F789-4EEA-916D-6296164A0507}.Debug|Any CPU.Build.0 = Debug|Any CPU
		{C96E6E0B-F789-4EEA-916D-6296164A0507}.Release|Any CPU.ActiveCfg = Release|Any CPU
		{C96E6E0B-F789-4EEA-916D-6296164A0507}.Release|Any CPU.Build.0 = Release|Any CPU
		{0232DEEE-0DD3-484B-9075-AFA40779981E}.Debug|Any CPU.ActiveCfg = Debug|Any CPU
		{0232DEEE-0DD3-484B-9075-AFA40779981E}.Debug|Any CPU.Build.0 = Debug|Any CPU
		{0232DEEE-0DD3-484B-9075-AFA40779981E}.Release|Any CPU.ActiveCfg = Release|Any CPU
		{0232DEEE-0DD3-484B-9075-AFA40779981E}.Release|Any CPU.Build.0 = Release|Any CPU
	EndGlobalSection
	GlobalSection(SolutionProperties) = preSolution
		HideSolutionNode = FALSE
	EndGlobalSection
EndGlobal
